// !$*UTF8*$!
{
	archiveVersion = 1;
	classes = {
	};
	objectVersion = 50;
	objects = {

/* Begin PBXBuildFile section */
		F3050550240BEF130059B9DF /* AppDelegate.swift in Sources */ = {isa = PBXBuildFile; fileRef = F305054F240BEF130059B9DF /* AppDelegate.swift */; };
		F3050552240BEF130059B9DF /* SceneDelegate.swift in Sources */ = {isa = PBXBuildFile; fileRef = F3050551240BEF130059B9DF /* SceneDelegate.swift */; };
		F3050554240BEF130059B9DF /* ViewController.swift in Sources */ = {isa = PBXBuildFile; fileRef = F3050553240BEF130059B9DF /* ViewController.swift */; };
		F3050557240BEF130059B9DF /* Main.storyboard in Resources */ = {isa = PBXBuildFile; fileRef = F3050555240BEF130059B9DF /* Main.storyboard */; };
		F3050559240BEF170059B9DF /* Assets.xcassets in Resources */ = {isa = PBXBuildFile; fileRef = F3050558240BEF170059B9DF /* Assets.xcassets */; };
		F305055C240BEF170059B9DF /* LaunchScreen.storyboard in Resources */ = {isa = PBXBuildFile; fileRef = F305055A240BEF170059B9DF /* LaunchScreen.storyboard */; };
		F3050564240BF2BE0059B9DF /* Petition.swift in Sources */ = {isa = PBXBuildFile; fileRef = F3050563240BF2BE0059B9DF /* Petition.swift */; };
/* End PBXBuildFile section */

/* Begin PBXFileReference section */
		F305054C240BEF130059B9DF /* WhiteHousePetitions.app */ = {isa = PBXFileReference; explicitFileType = wrapper.application; includeInIndex = 0; path = WhiteHousePetitions.app; sourceTree = BUILT_PRODUCTS_DIR; };
		F305054F240BEF130059B9DF /* AppDelegate.swift */ = {isa = PBXFileReference; lastKnownFileType = sourcecode.swift; path = AppDelegate.swift; sourceTree = "<group>"; };
		F3050551240BEF130059B9DF /* SceneDelegate.swift */ = {isa = PBXFileReference; lastKnownFileType = sourcecode.swift; path = SceneDelegate.swift; sourceTree = "<group>"; };
		F3050553240BEF130059B9DF /* ViewController.swift */ = {isa = PBXFileReference; lastKnownFileType = sourcecode.swift; path = ViewController.swift; sourceTree = "<group>"; };
		F3050556240BEF130059B9DF /* Base */ = {isa = PBXFileReference; lastKnownFileType = file.storyboard; name = Base; path = Base.lproj/Main.storyboard; sourceTree = "<group>"; };
		F3050558240BEF170059B9DF /* Assets.xcassets */ = {isa = PBXFileReference; lastKnownFileType = folder.assetcatalog; path = Assets.xcassets; sourceTree = "<group>"; };
		F305055B240BEF170059B9DF /* Base */ = {isa = PBXFileReference; lastKnownFileType = file.storyboard; name = Base; path = Base.lproj/LaunchScreen.storyboard; sourceTree = "<group>"; };
		F305055D240BEF170059B9DF /* Info.plist */ = {isa = PBXFileReference; lastKnownFileType = text.plist.xml; path = Info.plist; sourceTree = "<group>"; };
		F3050563240BF2BE0059B9DF /* Petition.swift */ = {isa = PBXFileReference; lastKnownFileType = sourcecode.swift; path = Petition.swift; sourceTree = "<group>"; };
/* End PBXFileReference section */

/* Begin PBXFrameworksBuildPhase section */
		F3050549240BEF130059B9DF /* Frameworks */ = {
			isa = PBXFrameworksBuildPhase;
			buildActionMask = 2147483647;
			files = (
			);
			runOnlyForDeploymentPostprocessing = 0;
		};
/* End PBXFrameworksBuildPhase section */

/* Begin PBXGroup section */
		F3050543240BEF130059B9DF = {
			isa = PBXGroup;
			children = (
				F305054E240BEF130059B9DF /* WhiteHousePetitions */,
				F305054D240BEF130059B9DF /* Products */,
			);
			sourceTree = "<group>";
		};
		F305054D240BEF130059B9DF /* Products */ = {
			isa = PBXGroup;
			children = (
				F305054C240BEF130059B9DF /* WhiteHousePetitions.app */,
			);
			name = Products;
			sourceTree = "<group>";
		};
		F305054E240BEF130059B9DF /* WhiteHousePetitions */ = {
			isa = PBXGroup;
			children = (
				F305054F240BEF130059B9DF /* AppDelegate.swift */,
				F3050551240BEF130059B9DF /* SceneDelegate.swift */,
				F3050553240BEF130059B9DF /* ViewController.swift */,
				F3050563240BF2BE0059B9DF /* Petition.swift */,
				F3050555240BEF130059B9DF /* Main.storyboard */,
				F3050558240BEF170059B9DF /* Assets.xcassets */,
				F305055A240BEF170059B9DF /* LaunchScreen.storyboard */,
				F305055D240BEF170059B9DF /* Info.plist */,
			);
			path = WhiteHousePetitions;
			sourceTree = "<group>";
		};
/* End PBXGroup section */

/* Begin PBXNativeTarget section */
		F305054B240BEF130059B9DF /* WhiteHousePetitions */ = {
			isa = PBXNativeTarget;
			buildConfigurationList = F3050560240BEF170059B9DF /* Build configuration list for PBXNativeTarget "WhiteHousePetitions" */;
			buildPhases = (
				F3050548240BEF130059B9DF /* Sources */,
				F3050549240BEF130059B9DF /* Frameworks */,
				F305054A240BEF130059B9DF /* Resources */,
			);
			buildRules = (
			);
			dependencies = (
			);
			name = WhiteHousePetitions;
			productName = WhiteHousePetitions;
			productReference = F305054C240BEF130059B9DF /* WhiteHousePetitions.app */;
			productType = "com.apple.product-type.application";
		};
/* End PBXNativeTarget section */

/* Begin PBXProject section */
		F3050544240BEF130059B9DF /* Project object */ = {
			isa = PBXProject;
			attributes = {
				LastSwiftUpdateCheck = 1130;
				LastUpgradeCheck = 1130;
				ORGANIZATIONNAME = "Hoang Pham";
				TargetAttributes = {
					F305054B240BEF130059B9DF = {
						CreatedOnToolsVersion = 11.3.1;
					};
				};
			};
			buildConfigurationList = F3050547240BEF130059B9DF /* Build configuration list for PBXProject "WhiteHousePetitions" */;
			compatibilityVersion = "Xcode 9.3";
			developmentRegion = en;
			hasScannedForEncodings = 0;
			knownRegions = (
				en,
				Base,
			);
			mainGroup = F3050543240BEF130059B9DF;
			productRefGroup = F305054D240BEF130059B9DF /* Products */;
			projectDirPath = "";
			projectRoot = "";
			targets = (
				F305054B240BEF130059B9DF /* WhiteHousePetitions */,
			);
		};
/* End PBXProject section */

/* Begin PBXResourcesBuildPhase section */
		F305054A240BEF130059B9DF /* Resources */ = {
			isa = PBXResourcesBuildPhase;
			buildActionMask = 2147483647;
			files = (
				F305055C240BEF170059B9DF /* LaunchScreen.storyboard in Resources */,
				F3050559240BEF170059B9DF /* Assets.xcassets in Resources */,
				F3050557240BEF130059B9DF /* Main.storyboard in Resources */,
			);
			runOnlyForDeploymentPostprocessing = 0;
		};
/* End PBXResourcesBuildPhase section */

/* Begin PBXSourcesBuildPhase section */
		F3050548240BEF130059B9DF /* Sources */ = {
			isa = PBXSourcesBuildPhase;
			buildActionMask = 2147483647;
			files = (
				F3050554240BEF130059B9DF /* ViewController.swift in Sources */,
				F3050564240BF2BE0059B9DF /* Petition.swift in Sources */,
				F3050550240BEF130059B9DF /* AppDelegate.swift in Sources */,
				F3050552240BEF130059B9DF /* SceneDelegate.swift in Sources */,
			);
			runOnlyForDeploymentPostprocessing = 0;
		};
/* End PBXSourcesBuildPhase section */

/* Begin PBXVariantGroup section */
		F3050555240BEF130059B9DF /* Main.storyboard */ = {
			isa = PBXVariantGroup;
			children = (
				F3050556240BEF130059B9DF /* Base */,
			);
			name = Main.storyboard;
			sourceTree = "<group>";
		};
		F305055A240BEF170059B9DF /* LaunchScreen.storyboard */ = {
			isa = PBXVariantGroup;
			children = (
				F305055B240BEF170059B9DF /* Base */,
			);
			name = LaunchScreen.storyboard;
			sourceTree = "<group>";
		};
/* End PBXVariantGroup section */

/* Begin XCBuildConfiguration section */
		F305055E240BEF170059B9DF /* Debug */ = {
			isa = XCBuildConfiguration;
			buildSettings = {
				ALWAYS_SEARCH_USER_PATHS = NO;
				CLANG_ANALYZER_NONNULL = YES;
				CLANG_ANALYZER_NUMBER_OBJECT_CONVERSION = YES_AGGRESSIVE;
				CLANG_CXX_LANGUAGE_STANDARD = "gnu++14";
				CLANG_CXX_LIBRARY = "libc++";
				CLANG_ENABLE_MODULES = YES;
				CLANG_ENABLE_OBJC_ARC = YES;
				CLANG_ENABLE_OBJC_WEAK = YES;
				CLANG_WARN_BLOCK_CAPTURE_AUTORELEASING = YES;
				CLANG_WARN_BOOL_CONVERSION = YES;
				CLANG_WARN_COMMA = YES;
				CLANG_WARN_CONSTANT_CONVERSION = YES;
				CLANG_WARN_DEPRECATED_OBJC_IMPLEMENTATIONS = YES;
				CLANG_WARN_DIRECT_OBJC_ISA_USAGE = YES_ERROR;
				CLANG_WARN_DOCUMENTATION_COMMENTS = YES;
				CLANG_WARN_EMPTY_BODY = YES;
				CLANG_WARN_ENUM_CONVERSION = YES;
				CLANG_WARN_INFINITE_RECURSION = YES;
				CLANG_WARN_INT_CONVERSION = YES;
				CLANG_WARN_NON_LITERAL_NULL_CONVERSION = YES;
				CLANG_WARN_OBJC_IMPLICIT_RETAIN_SELF = YES;
				CLANG_WARN_OBJC_LITERAL_CONVERSION = YES;
				CLANG_WARN_OBJC_ROOT_CLASS = YES_ERROR;
				CLANG_WARN_RANGE_LOOP_ANALYSIS = YES;
				CLANG_WARN_STRICT_PROTOTYPES = YES;
				CLANG_WARN_SUSPICIOUS_MOVE = YES;
				CLANG_WARN_UNGUARDED_AVAILABILITY = YES_AGGRESSIVE;
				CLANG_WARN_UNREACHABLE_CODE = YES;
				CLANG_WARN__DUPLICATE_METHOD_MATCH = YES;
				COPY_PHASE_STRIP = NO;
				DEBUG_INFORMATION_FORMAT = dwarf;
				ENABLE_STRICT_OBJC_MSGSEND = YES;
				ENABLE_TESTABILITY = YES;
				GCC_C_LANGUAGE_STANDARD = gnu11;
				GCC_DYNAMIC_NO_PIC = NO;
				GCC_NO_COMMON_BLOCKS = YES;
				GCC_OPTIMIZATION_LEVEL = 0;
				GCC_PREPROCESSOR_DEFINITIONS = (
					"DEBUG=1",
					"$(inherited)",
				);
				GCC_WARN_64_TO_32_BIT_CONVERSION = YES;
				GCC_WARN_ABOUT_RETURN_TYPE = YES_ERROR;
				GCC_WARN_UNDECLARED_SELECTOR = YES;
				GCC_WARN_UNINITIALIZED_AUTOS = YES_AGGRESSIVE;
				GCC_WARN_UNUSED_FUNCTION = YES;
				GCC_WARN_UNUSED_VARIABLE = YES;
				IPHONEOS_DEPLOYMENT_TARGET = 13.2;
				MTL_ENABLE_DEBUG_INFO = INCLUDE_SOURCE;
				MTL_FAST_MATH = YES;
				ONLY_ACTIVE_ARCH = YES;
				SDKROOT = iphoneos;
				SWIFT_ACTIVE_COMPILATION_CONDITIONS = DEBUG;
				SWIFT_OPTIMIZATION_LEVEL = "-Onone";
			};
			name = Debug;
		};
		F305055F240BEF170059B9DF /* Release */ = {
			isa = XCBuildConfiguration;
			buildSettings = {
				ALWAYS_SEARCH_USER_PATHS = NO;
				CLANG_ANALYZER_NONNULL = YES;
				CLANG_ANALYZER_NUMBER_OBJECT_CONVERSION = YES_AGGRESSIVE;
				CLANG_CXX_LANGUAGE_STANDARD = "gnu++14";
				CLANG_CXX_LIBRARY = "libc++";
				CLANG_ENABLE_MODULES = YES;
				CLANG_ENABLE_OBJC_ARC = YES;
				CLANG_ENABLE_OBJC_WEAK = YES;
				CLANG_WARN_BLOCK_CAPTURE_AUTORELEASING = YES;
				CLANG_WARN_BOOL_CONVERSION = YES;
				CLANG_WARN_COMMA = YES;
				CLANG_WARN_CONSTANT_CONVERSION = YES;
				CLANG_WARN_DEPRECATED_OBJC_IMPLEMENTATIONS = YES;
				CLANG_WARN_DIRECT_OBJC_ISA_USAGE = YES_ERROR;
				CLANG_WARN_DOCUMENTATION_COMMENTS = YES;
				CLANG_WARN_EMPTY_BODY = YES;
				CLANG_WARN_ENUM_CONVERSION = YES;
				CLANG_WARN_INFINITE_RECURSION = YES;
				CLANG_WARN_INT_CONVERSION = YES;
				CLANG_WARN_NON_LITERAL_NULL_CONVERSION = YES;
				CLANG_WARN_OBJC_IMPLICIT_RETAIN_SELF = YES;
				CLANG_WARN_OBJC_LITERAL_CONVERSION = YES;
				CLANG_WARN_OBJC_ROOT_CLASS = YES_ERROR;
				CLANG_WARN_RANGE_LOOP_ANALYSIS = YES;
				CLANG_WARN_STRICT_PROTOTYPES = YES;
				CLANG_WARN_SUSPICIOUS_MOVE = YES;
				CLANG_WARN_UNGUARDED_AVAILABILITY = YES_AGGRESSIVE;
				CLANG_WARN_UNREACHABLE_CODE = YES;
				CLANG_WARN__DUPLICATE_METHOD_MATCH = YES;
				COPY_PHASE_STRIP = NO;
				DEBUG_INFORMATION_FORMAT = "dwarf-with-dsym";
				ENABLE_NS_ASSERTIONS = NO;
				ENABLE_STRICT_OBJC_MSGSEND = YES;
				GCC_C_LANGUAGE_STANDARD = gnu11;
				GCC_NO_COMMON_BLOCKS = YES;
				GCC_WARN_64_TO_32_BIT_CONVERSION = YES;
				GCC_WARN_ABOUT_RETURN_TYPE = YES_ERROR;
				GCC_WARN_UNDECLARED_SELECTOR = YES;
				GCC_WARN_UNINITIALIZED_AUTOS = YES_AGGRESSIVE;
				GCC_WARN_UNUSED_FUNCTION = YES;
				GCC_WARN_UNUSED_VARIABLE = YES;
				IPHONEOS_DEPLOYMENT_TARGET = 13.2;
				MTL_ENABLE_DEBUG_INFO = NO;
				MTL_FAST_MATH = YES;
				SDKROOT = iphoneos;
				SWIFT_COMPILATION_MODE = wholemodule;
				SWIFT_OPTIMIZATION_LEVEL = "-O";
				VALIDATE_PRODUCT = YES;
			};
			name = Release;
		};
		F3050561240BEF170059B9DF /* Debug */ = {
			isa = XCBuildConfiguration;
			buildSettings = {
				ASSETCATALOG_COMPILER_APPICON_NAME = AppIcon;
				CODE_SIGN_STYLE = Automatic;
				DEVELOPMENT_TEAM = ARM9KE6EQA;
				INFOPLIST_FILE = WhiteHousePetitions/Info.plist;
				LD_RUNPATH_SEARCH_PATHS = (
					"$(inherited)",
					"@executable_path/Frameworks",
				);
				PRODUCT_BUNDLE_IDENTIFIER = com.hoang.WhiteHousePetitions;
				PRODUCT_NAME = "$(TARGET_NAME)";
				SWIFT_VERSION = 5.0;
				TARGETED_DEVICE_FAMILY = "1,2";
			};
			name = Debug;
		};
		F3050562240BEF170059B9DF /* Release */ = {
			isa = XCBuildConfiguration;
			buildSettings = {
				ASSETCATALOG_COMPILER_APPICON_NAME = AppIcon;
				CODE_SIGN_STYLE = Automatic;
				DEVELOPMENT_TEAM = ARM9KE6EQA;
				INFOPLIST_FILE = WhiteHousePetitions/Info.plist;
				LD_RUNPATH_SEARCH_PATHS = (
					"$(inherited)",
					"@executable_path/Frameworks",
				);
				PRODUCT_BUNDLE_IDENTIFIER = com.hoang.WhiteHousePetitions;
				PRODUCT_NAME = "$(TARGET_NAME)";
				SWIFT_VERSION = 5.0;
				TARGETED_DEVICE_FAMILY = "1,2";
			};
			name = Release;
		};
/* End XCBuildConfiguration section */

/* Begin XCConfigurationList section */
		F3050547240BEF130059B9DF /* Build configuration list for PBXProject "WhiteHousePetitions" */ = {
			isa = XCConfigurationList;
			buildConfigurations = (
				F305055E240BEF170059B9DF /* Debug */,
				F305055F240BEF170059B9DF /* Release */,
			);
			defaultConfigurationIsVisible = 0;
			defaultConfigurationName = Release;
		};
		F3050560240BEF170059B9DF /* Build configuration list for PBXNativeTarget "WhiteHousePetitions" */ = {
			isa = XCConfigurationList;
			buildConfigurations = (
				F3050561240BEF170059B9DF /* Debug */,
				F3050562240BEF170059B9DF /* Release */,
			);
			defaultConfigurationIsVisible = 0;
			defaultConfigurationName = Release;
		};
/* End XCConfigurationList section */
	};
	rootObject = F3050544240BEF130059B9DF /* Project object */;
}
